
Microsoft Visual Studio Solution File, Format Version 12.00
Project("{FAE04EC0-301F-11D3-BF4B-00C04F79EFBC}") = "uwc-backend", "uwc-backend\uwc-backend.csproj", "{24DED266-8581-4B5B-AE36-2976661319DC}"
EndProject
Global
	GlobalSection(SolutionConfigurationPlatforms) = preSolution
		Debug|Any CPU = Debug|Any CPU
		Release|Any CPU = Release|Any CPU
	EndGlobalSection
	GlobalSection(ProjectConfigurationPlatforms) = postSolution
		{24DED266-8581-4B5B-AE36-2976661319DC}.Debug|Any CPU.ActiveCfg = Debug|Any CPU
		{24DED266-8581-4B5B-AE36-2976661319DC}.Debug|Any CPU.Build.0 = Debug|Any CPU
		{24DED266-8581-4B5B-AE36-2976661319DC}.Release|Any CPU.ActiveCfg = Release|Any CPU
		{24DED266-8581-4B5B-AE36-2976661319DC}.Release|Any CPU.Build.0 = Release|Any CPU
	EndGlobalSection
EndGlobal
